// !$*UTF8*$!
{
	archiveVersion = 1;
	classes = {
	};
	objectVersion = 46;
	objects = {

/* Begin PBXBuildFile section */
		E711C5A119F976C80036873E /* alignment_detail.jpg in Resources */ = {isa = PBXBuildFile; fileRef = E711C5A019F976C80036873E /* alignment_detail.jpg */; };
		E711C5A419F979540036873E /* PACRelativeAlignmentViewController.m in Sources */ = {isa = PBXBuildFile; fileRef = E711C5A319F979540036873E /* PACRelativeAlignmentViewController.m */; };
		E711C5A619F97A2E0036873E /* alignment_main.jpg in Resources */ = {isa = PBXBuildFile; fileRef = E711C5A519F97A2E0036873E /* alignment_main.jpg */; };
		E711C5A919F98F390036873E /* PACSideViewTableViewController.m in Sources */ = {isa = PBXBuildFile; fileRef = E711C5A819F98F390036873E /* PACSideViewTableViewController.m */; };
		E711C5AC19F9A3BF0036873E /* PACAnkleJointsViewController.m in Sources */ = {isa = PBXBuildFile; fileRef = E711C5AB19F9A3BF0036873E /* PACAnkleJointsViewController.m */; };
		E711C5AE19F9A6BA0036873E /* look.jpg in Resources */ = {isa = PBXBuildFile; fileRef = E711C5AD19F9A6BA0036873E /* look.jpg */; };
		E711C5B019F9A6C30036873E /* touch.jpg in Resources */ = {isa = PBXBuildFile; fileRef = E711C5AF19F9A6C30036873E /* touch.jpg */; };
		E711C5B219F9A84B0036873E /* angle_detail.jpg in Resources */ = {isa = PBXBuildFile; fileRef = E711C5B119F9A84B0036873E /* angle_detail.jpg */; };
		E711C5B419F9B5460036873E /* knee_detail.png in Resources */ = {isa = PBXBuildFile; fileRef = E711C5B319F9B5460036873E /* knee_detail.png */; };
		E711C5B719F9B5780036873E /* PACKneeSideViewController.m in Sources */ = {isa = PBXBuildFile; fileRef = E711C5B619F9B5780036873E /* PACKneeSideViewController.m */; };
		E711C5BB19F9BABB0036873E /* PACHipJointViewController.m in Sources */ = {isa = PBXBuildFile; fileRef = E711C5BA19F9BABB0036873E /* PACHipJointViewController.m */; };
		E711C5BD19F9BE620036873E /* hipjoint_detail.png in Resources */ = {isa = PBXBuildFile; fileRef = E711C5BC19F9BE620036873E /* hipjoint_detail.png */; };
		E711C5BF19F9C7970036873E /* pelvisside_detail.gif in Resources */ = {isa = PBXBuildFile; fileRef = E711C5BE19F9C7970036873E /* pelvisside_detail.gif */; };
		E711C5C219F9C7C80036873E /* PACPelvisSideViewController.m in Sources */ = {isa = PBXBuildFile; fileRef = E711C5C119F9C7C80036873E /* PACPelvisSideViewController.m */; };
		E711C5C419F9CD460036873E /* lumbarspineside_detail.jpg in Resources */ = {isa = PBXBuildFile; fileRef = E711C5C319F9CD460036873E /* lumbarspineside_detail.jpg */; };
		E711C5C719F9CD7E0036873E /* PACLumbarSpineViewController.m in Sources */ = {isa = PBXBuildFile; fileRef = E711C5C619F9CD7E0036873E /* PACLumbarSpineViewController.m */; };
		E711C5CC19FECDF10036873E /* PACLowerThoracicSpineViewController.m in Sources */ = {isa = PBXBuildFile; fileRef = E711C5CB19FECDF10036873E /* PACLowerThoracicSpineViewController.m */; };
		E711C5CE19FECF950036873E /* lower_thoracic_detail.gif in Resources */ = {isa = PBXBuildFile; fileRef = E711C5CD19FECF950036873E /* lower_thoracic_detail.gif */; };
		E711C5D019FEF65D0036873E /* upper_thoracic_detail.jpg in Resources */ = {isa = PBXBuildFile; fileRef = E711C5CF19FEF65D0036873E /* upper_thoracic_detail.jpg */; };
		E711C5D319FEF6A10036873E /* PACUpperThoracicSpineViewController.m in Sources */ = {isa = PBXBuildFile; fileRef = E711C5D219FEF6A10036873E /* PACUpperThoracicSpineViewController.m */; };
		E711C5D519FEFA170036873E /* cervical_spine_detail.jpg in Resources */ = {isa = PBXBuildFile; fileRef = E711C5D419FEFA170036873E /* cervical_spine_detail.jpg */; };
		E711C5D819FEFBB80036873E /* PACCervicalSpineViewController.m in Sources */ = {isa = PBXBuildFile; fileRef = E711C5D719FEFBB80036873E /* PACCervicalSpineViewController.m */; };
		E7134E661A0BE9F900F2CEE8 /* knee_front_detail.png in Resources */ = {isa = PBXBuildFile; fileRef = E7134E651A0BE9F900F2CEE8 /* knee_front_detail.png */; };
		E7134E691A0BEA2100F2CEE8 /* PACKneeFrontViewController.m in Sources */ = {isa = PBXBuildFile; fileRef = E7134E681A0BEA2100F2CEE8 /* PACKneeFrontViewController.m */; };
		E7134E6C1A0BF1FE00F2CEE8 /* PACPelvisFrontViewController.m in Sources */ = {isa = PBXBuildFile; fileRef = E7134E6B1A0BF1FE00F2CEE8 /* PACPelvisFrontViewController.m */; };
		E7134E6E1A0BF2B400F2CEE8 /* pelvis_front_detail.gif in Resources */ = {isa = PBXBuildFile; fileRef = E7134E6D1A0BF2B400F2CEE8 /* pelvis_front_detail.gif */; };
		E7134E711A0BF8F200F2CEE8 /* PACRibCageViewController.m in Sources */ = {isa = PBXBuildFile; fileRef = E7134E701A0BF8F200F2CEE8 /* PACRibCageViewController.m */; };
		E7134E731A0C026000F2CEE8 /* ribcage_front_detail.jpg in Resources */ = {isa = PBXBuildFile; fileRef = E7134E721A0C026000F2CEE8 /* ribcage_front_detail.jpg */; };
		E7134E761A0C1F5500F2CEE8 /* PACShouldersFrontViewController.m in Sources */ = {isa = PBXBuildFile; fileRef = E7134E751A0C1F5500F2CEE8 /* PACShouldersFrontViewController.m */; };
		E7134E781A0C26C200F2CEE8 /* shoulder_front_detail.png in Resources */ = {isa = PBXBuildFile; fileRef = E7134E771A0C26C200F2CEE8 /* shoulder_front_detail.png */; };
		E7134E7B1A0C44CE00F2CEE8 /* PACHeadFrontViewController.m in Sources */ = {isa = PBXBuildFile; fileRef = E7134E7A1A0C44CE00F2CEE8 /* PACHeadFrontViewController.m */; };
		E7134E7D1A0C477800F2CEE8 /* head_front_detail.jpg in Resources */ = {isa = PBXBuildFile; fileRef = E7134E7C1A0C477800F2CEE8 /* head_front_detail.jpg */; };
		E7134E801A117A1D00F2CEE8 /* PACBackViewTableViewController.m in Sources */ = {isa = PBXBuildFile; fileRef = E7134E7F1A117A1D00F2CEE8 /* PACBackViewTableViewController.m */; };
		E7134E831A1180B300F2CEE8 /* PACFeetBackViewController.m in Sources */ = {isa = PBXBuildFile; fileRef = E7134E821A1180B300F2CEE8 /* PACFeetBackViewController.m */; };
		E74666721A30D41A00A7B50A /* feet_back_detail.jpg in Resources */ = {isa = PBXBuildFile; fileRef = E74666711A30D41A00A7B50A /* feet_back_detail.jpg */; };
		E74666741A31153C00A7B50A /* llb_ball_15.png in Resources */ = {isa = PBXBuildFile; fileRef = E74666731A31153C00A7B50A /* llb_ball_15.png */; };
		E74666761A31189500A7B50A /* g_ball_15.png in Resources */ = {isa = PBXBuildFile; fileRef = E74666751A31189500A7B50A /* g_ball_15.png */; };
		E74666781A311B5A00A7B50A /* o_ball_15.png in Resources */ = {isa = PBXBuildFile; fileRef = E74666771A311B5A00A7B50A /* o_ball_15.png */; };
		E746667A1A311C8F00A7B50A /* p_ball_15.png in Resources */ = {isa = PBXBuildFile; fileRef = E74666791A311C8F00A7B50A /* p_ball_15.png */; };
		E74666801A32572F00A7B50A /* libsqlite3.dylib in Frameworks */ = {isa = PBXBuildFile; fileRef = E746667F1A32572F00A7B50A /* libsqlite3.dylib */; };
		E74666821A32574400A7B50A /* libsqlite3.0.dylib in Frameworks */ = {isa = PBXBuildFile; fileRef = E74666811A32574400A7B50A /* libsqlite3.0.dylib */; };
		E74666861A365D8100A7B50A /* PACMainMenuView.m in Sources */ = {isa = PBXBuildFile; fileRef = E74666851A365D8100A7B50A /* PACMainMenuView.m */; };
		E74AAAEF1A13F51C00C008CE /* PACFemursBackViewController.m in Sources */ = {isa = PBXBuildFile; fileRef = E74AAAEE1A13F51C00C008CE /* PACFemursBackViewController.m */; };
		E74AAAF11A13FA1A00C008CE /* femurs_back_detail.gif in Resources */ = {isa = PBXBuildFile; fileRef = E74AAAF01A13FA1A00C008CE /* femurs_back_detail.gif */; };
		E74AAAF51A142D7200C008CE /* main-view.jpg in Resources */ = {isa = PBXBuildFile; fileRef = E74AAAF41A142D7200C008CE /* main-view.jpg */; };
		E79E0FBD1A2D223A00CABD55 /* PACPelvisBackViewController.m in Sources */ = {isa = PBXBuildFile; fileRef = E79E0FBC1A2D223A00CABD55 /* PACPelvisBackViewController.m */; };
		E79E0FBF1A2D254400CABD55 /* pelvis_back_detail.jpg in Resources */ = {isa = PBXBuildFile; fileRef = E79E0FBE1A2D254400CABD55 /* pelvis_back_detail.jpg */; };
		E79E0FC21A2D373800CABD55 /* PACScapulaeBackViewController.m in Sources */ = {isa = PBXBuildFile; fileRef = E79E0FC11A2D373800CABD55 /* PACScapulaeBackViewController.m */; };
		E79E0FC41A2D39C600CABD55 /* scapulae_back_detail.jpg in Resources */ = {isa = PBXBuildFile; fileRef = E79E0FC31A2D39C600CABD55 /* scapulae_back_detail.jpg */; };
		E79E0FC71A2E391E00CABD55 /* PACHumeriBackViewController.m in Sources */ = {isa = PBXBuildFile; fileRef = E79E0FC61A2E391E00CABD55 /* PACHumeriBackViewController.m */; };
		E79E0FC91A2E3D3900CABD55 /* humeri_back_detail.jpg in Resources */ = {isa = PBXBuildFile; fileRef = E79E0FC81A2E3D3900CABD55 /* humeri_back_detail.jpg */; };
		E79E0FCB1A2E4A3000CABD55 /* Postural-Analysis-Guide.pdf in Resources */ = {isa = PBXBuildFile; fileRef = E79E0FCA1A2E4A3000CABD55 /* Postural-Analysis-Guide.pdf */; };
		E79E0FCE1A2E72EF00CABD55 /* PACSpineSequencingBackViewController.m in Sources */ = {isa = PBXBuildFile; fileRef = E79E0FCD1A2E72EF00CABD55 /* PACSpineSequencingBackViewController.m */; };
		E79E0FD01A2E748C00CABD55 /* spine_sequencing.jpg in Resources */ = {isa = PBXBuildFile; fileRef = E79E0FCF1A2E748C00CABD55 /* spine_sequencing.jpg */; };
		E7B0E9BE19F702200011BB49 /* main.m in Sources */ = {isa = PBXBuildFile; fileRef = E7B0E9BD19F702200011BB49 /* main.m */; };
		E7B0E9C119F702200011BB49 /* AppDelegate.m in Sources */ = {isa = PBXBuildFile; fileRef = E7B0E9C019F702200011BB49 /* AppDelegate.m */; };
		E7B0E9C419F702200011BB49 /* MasterViewController.m in Sources */ = {isa = PBXBuildFile; fileRef = E7B0E9C319F702200011BB49 /* MasterViewController.m */; };
		E7B0E9C719F702200011BB49 /* DetailViewController.m in Sources */ = {isa = PBXBuildFile; fileRef = E7B0E9C619F702200011BB49 /* DetailViewController.m */; };
		E7B0E9CC19F702200011BB49 /* Images.xcassets in Resources */ = {isa = PBXBuildFile; fileRef = E7B0E9CB19F702200011BB49 /* Images.xcassets */; };
		E7B0E9CF19F702200011BB49 /* LaunchScreen.xib in Resources */ = {isa = PBXBuildFile; fileRef = E7B0E9CD19F702200011BB49 /* LaunchScreen.xib */; };
		E7B0E9DB19F702200011BB49 /* Pilates_Postural_Analysis_ChecklistTests.m in Sources */ = {isa = PBXBuildFile; fileRef = E7B0E9DA19F702200011BB49 /* Pilates_Postural_Analysis_ChecklistTests.m */; };
		E7B0E9F019F813400011BB49 /* plumbline_main.jpg in Resources */ = {isa = PBXBuildFile; fileRef = E7B0E9EF19F813400011BB49 /* plumbline_main.jpg */; };
		E7B0E9F219F813940011BB49 /* PACGlobal.m in Sources */ = {isa = PBXBuildFile; fileRef = E7B0E9F119F813940011BB49 /* PACGlobal.m */; };
		E7B0E9F619F8165E0011BB49 /* PACPlumbLineViewController.m in Sources */ = {isa = PBXBuildFile; fileRef = E7B0E9F519F8165E0011BB49 /* PACPlumbLineViewController.m */; };
		E7B0E9F819F81EBD0011BB49 /* plumbline_detail.gif in Resources */ = {isa = PBXBuildFile; fileRef = E7B0E9F719F81EBD0011BB49 /* plumbline_detail.gif */; };
		E7C42B231A0AEFF0003FF7B9 /* head_detail.jpg in Resources */ = {isa = PBXBuildFile; fileRef = E7C42B221A0AEFF0003FF7B9 /* head_detail.jpg */; };
		E7C42B261A0AF059003FF7B9 /* PACHeadSideViewController.m in Sources */ = {isa = PBXBuildFile; fileRef = E7C42B251A0AF059003FF7B9 /* PACHeadSideViewController.m */; };
		E7C42B291A0AF81A003FF7B9 /* PACFrontViewTableViewController.m in Sources */ = {isa = PBXBuildFile; fileRef = E7C42B281A0AF81A003FF7B9 /* PACFrontViewTableViewController.m */; };
		E7C42B2C1A0AFD89003FF7B9 /* PACFeetFrontViewController.m in Sources */ = {isa = PBXBuildFile; fileRef = E7C42B2B1A0AFD89003FF7B9 /* PACFeetFrontViewController.m */; };
		E7C42B2E1A0AFEE5003FF7B9 /* feet_front_detail.jpg in Resources */ = {isa = PBXBuildFile; fileRef = E7C42B2D1A0AFEE5003FF7B9 /* feet_front_detail.jpg */; };
/* End PBXBuildFile section */

/* Begin PBXContainerItemProxy section */
		E7B0E9D519F702200011BB49 /* PBXContainerItemProxy */ = {
			isa = PBXContainerItemProxy;
			containerPortal = E7B0E9B019F702200011BB49 /* Project object */;
			proxyType = 1;
			remoteGlobalIDString = E7B0E9B719F702200011BB49;
			remoteInfo = "Pilates Postural Analysis Checklist";
		};
/* End PBXContainerItemProxy section */

/* Begin PBXFileReference section */
		E711C5A019F976C80036873E /* alignment_detail.jpg */ = {isa = PBXFileReference; lastKnownFileType = image.jpeg; path = alignment_detail.jpg; sourceTree = "<group>"; };
		E711C5A219F979540036873E /* PACRelativeAlignmentViewController.h */ = {isa = PBXFileReference; fileEncoding = 4; lastKnownFileType = sourcecode.c.h; path = PACRelativeAlignmentViewController.h; sourceTree = "<group>"; };
		E711C5A319F979540036873E /* PACRelativeAlignmentViewController.m */ = {isa = PBXFileReference; fileEncoding = 4; lastKnownFileType = sourcecode.c.objc; path = PACRelativeAlignmentViewController.m; sourceTree = "<group>"; };
		E711C5A519F97A2E0036873E /* alignment_main.jpg */ = {isa = PBXFileReference; lastKnownFileType = image.jpeg; path = alignment_main.jpg; sourceTree = "<group>"; };
		E711C5A719F98F390036873E /* PACSideViewTableViewController.h */ = {isa = PBXFileReference; fileEncoding = 4; lastKnownFileType = sourcecode.c.h; path = PACSideViewTableViewController.h; sourceTree = "<group>"; };
		E711C5A819F98F390036873E /* PACSideViewTableViewController.m */ = {isa = PBXFileReference; fileEncoding = 4; lastKnownFileType = sourcecode.c.objc; path = PACSideViewTableViewController.m; sourceTree = "<group>"; };
		E711C5AA19F9A3BF0036873E /* PACAnkleJointsViewController.h */ = {isa = PBXFileReference; fileEncoding = 4; lastKnownFileType = sourcecode.c.h; path = PACAnkleJointsViewController.h; sourceTree = "<group>"; };
		E711C5AB19F9A3BF0036873E /* PACAnkleJointsViewController.m */ = {isa = PBXFileReference; fileEncoding = 4; lastKnownFileType = sourcecode.c.objc; path = PACAnkleJointsViewController.m; sourceTree = "<group>"; };
		E711C5AD19F9A6BA0036873E /* look.jpg */ = {isa = PBXFileReference; lastKnownFileType = image.jpeg; path = look.jpg; sourceTree = "<group>"; };
		E711C5AF19F9A6C30036873E /* touch.jpg */ = {isa = PBXFileReference; lastKnownFileType = image.jpeg; path = touch.jpg; sourceTree = "<group>"; };
		E711C5B119F9A84B0036873E /* angle_detail.jpg */ = {isa = PBXFileReference; lastKnownFileType = image.jpeg; path = angle_detail.jpg; sourceTree = "<group>"; };
		E711C5B319F9B5460036873E /* knee_detail.png */ = {isa = PBXFileReference; lastKnownFileType = image.png; path = knee_detail.png; sourceTree = "<group>"; };
		E711C5B519F9B5780036873E /* PACKneeSideViewController.h */ = {isa = PBXFileReference; fileEncoding = 4; lastKnownFileType = sourcecode.c.h; path = PACKneeSideViewController.h; sourceTree = "<group>"; };
		E711C5B619F9B5780036873E /* PACKneeSideViewController.m */ = {isa = PBXFileReference; fileEncoding = 4; lastKnownFileType = sourcecode.c.objc; path = PACKneeSideViewController.m; sourceTree = "<group>"; };
		E711C5B919F9BABB0036873E /* PACHipJointViewController.h */ = {isa = PBXFileReference; fileEncoding = 4; lastKnownFileType = sourcecode.c.h; path = PACHipJointViewController.h; sourceTree = "<group>"; };
		E711C5BA19F9BABB0036873E /* PACHipJointViewController.m */ = {isa = PBXFileReference; fileEncoding = 4; lastKnownFileType = sourcecode.c.objc; path = PACHipJointViewController.m; sourceTree = "<group>"; };
		E711C5BC19F9BE620036873E /* hipjoint_detail.png */ = {isa = PBXFileReference; lastKnownFileType = image.png; path = hipjoint_detail.png; sourceTree = "<group>"; };
		E711C5BE19F9C7970036873E /* pelvisside_detail.gif */ = {isa = PBXFileReference; lastKnownFileType = image.gif; path = pelvisside_detail.gif; sourceTree = "<group>"; };
		E711C5C019F9C7C80036873E /* PACPelvisSideViewController.h */ = {isa = PBXFileReference; fileEncoding = 4; lastKnownFileType = sourcecode.c.h; path = PACPelvisSideViewController.h; sourceTree = "<group>"; };
		E711C5C119F9C7C80036873E /* PACPelvisSideViewController.m */ = {isa = PBXFileReference; fileEncoding = 4; lastKnownFileType = sourcecode.c.objc; path = PACPelvisSideViewController.m; sourceTree = "<group>"; };
		E711C5C319F9CD460036873E /* lumbarspineside_detail.jpg */ = {isa = PBXFileReference; lastKnownFileType = image.jpeg; path = lumbarspineside_detail.jpg; sourceTree = "<group>"; };
		E711C5C519F9CD7E0036873E /* PACLumbarSpineViewController.h */ = {isa = PBXFileReference; fileEncoding = 4; lastKnownFileType = sourcecode.c.h; path = PACLumbarSpineViewController.h; sourceTree = "<group>"; };
		E711C5C619F9CD7E0036873E /* PACLumbarSpineViewController.m */ = {isa = PBXFileReference; fileEncoding = 4; lastKnownFileType = sourcecode.c.objc; path = PACLumbarSpineViewController.m; sourceTree = "<group>"; };
		E711C5CA19FECDF10036873E /* PACLowerThoracicSpineViewController.h */ = {isa = PBXFileReference; fileEncoding = 4; lastKnownFileType = sourcecode.c.h; path = PACLowerThoracicSpineViewController.h; sourceTree = "<group>"; };
		E711C5CB19FECDF10036873E /* PACLowerThoracicSpineViewController.m */ = {isa = PBXFileReference; fileEncoding = 4; lastKnownFileType = sourcecode.c.objc; path = PACLowerThoracicSpineViewController.m; sourceTree = "<group>"; };
		E711C5CD19FECF950036873E /* lower_thoracic_detail.gif */ = {isa = PBXFileReference; lastKnownFileType = image.gif; path = lower_thoracic_detail.gif; sourceTree = "<group>"; };
		E711C5CF19FEF65D0036873E /* upper_thoracic_detail.jpg */ = {isa = PBXFileReference; lastKnownFileType = image.jpeg; path = upper_thoracic_detail.jpg; sourceTree = "<group>"; };
		E711C5D119FEF6A10036873E /* PACUpperThoracicSpineViewController.h */ = {isa = PBXFileReference; fileEncoding = 4; lastKnownFileType = sourcecode.c.h; path = PACUpperThoracicSpineViewController.h; sourceTree = "<group>"; };
		E711C5D219FEF6A10036873E /* PACUpperThoracicSpineViewController.m */ = {isa = PBXFileReference; fileEncoding = 4; lastKnownFileType = sourcecode.c.objc; path = PACUpperThoracicSpineViewController.m; sourceTree = "<group>"; };
		E711C5D419FEFA170036873E /* cervical_spine_detail.jpg */ = {isa = PBXFileReference; lastKnownFileType = image.jpeg; path = cervical_spine_detail.jpg; sourceTree = "<group>"; };
		E711C5D619FEFBB80036873E /* PACCervicalSpineViewController.h */ = {isa = PBXFileReference; fileEncoding = 4; lastKnownFileType = sourcecode.c.h; path = PACCervicalSpineViewController.h; sourceTree = "<group>"; };
		E711C5D719FEFBB80036873E /* PACCervicalSpineViewController.m */ = {isa = PBXFileReference; fileEncoding = 4; lastKnownFileType = sourcecode.c.objc; path = PACCervicalSpineViewController.m; sourceTree = "<group>"; };
		E7134E651A0BE9F900F2CEE8 /* knee_front_detail.png */ = {isa = PBXFileReference; lastKnownFileType = image.png; path = knee_front_detail.png; sourceTree = "<group>"; };
		E7134E671A0BEA2100F2CEE8 /* PACKneeFrontViewController.h */ = {isa = PBXFileReference; fileEncoding = 4; lastKnownFileType = sourcecode.c.h; path = PACKneeFrontViewController.h; sourceTree = "<group>"; };
		E7134E681A0BEA2100F2CEE8 /* PACKneeFrontViewController.m */ = {isa = PBXFileReference; fileEncoding = 4; lastKnownFileType = sourcecode.c.objc; path = PACKneeFrontViewController.m; sourceTree = "<group>"; };
		E7134E6A1A0BF1FE00F2CEE8 /* PACPelvisFrontViewController.h */ = {isa = PBXFileReference; fileEncoding = 4; lastKnownFileType = sourcecode.c.h; path = PACPelvisFrontViewController.h; sourceTree = "<group>"; };
		E7134E6B1A0BF1FE00F2CEE8 /* PACPelvisFrontViewController.m */ = {isa = PBXFileReference; fileEncoding = 4; lastKnownFileType = sourcecode.c.objc; path = PACPelvisFrontViewController.m; sourceTree = "<group>"; };
		E7134E6D1A0BF2B400F2CEE8 /* pelvis_front_detail.gif */ = {isa = PBXFileReference; lastKnownFileType = image.gif; path = pelvis_front_detail.gif; sourceTree = "<group>"; };
		E7134E6F1A0BF8F200F2CEE8 /* PACRibCageViewController.h */ = {isa = PBXFileReference; fileEncoding = 4; lastKnownFileType = sourcecode.c.h; path = PACRibCageViewController.h; sourceTree = "<group>"; };
		E7134E701A0BF8F200F2CEE8 /* PACRibCageViewController.m */ = {isa = PBXFileReference; fileEncoding = 4; lastKnownFileType = sourcecode.c.objc; path = PACRibCageViewController.m; sourceTree = "<group>"; };
		E7134E721A0C026000F2CEE8 /* ribcage_front_detail.jpg */ = {isa = PBXFileReference; lastKnownFileType = image.jpeg; path = ribcage_front_detail.jpg; sourceTree = "<group>"; };
		E7134E741A0C1F5500F2CEE8 /* PACShouldersFrontViewController.h */ = {isa = PBXFileReference; fileEncoding = 4; lastKnownFileType = sourcecode.c.h; path = PACShouldersFrontViewController.h; sourceTree = "<group>"; };
		E7134E751A0C1F5500F2CEE8 /* PACShouldersFrontViewController.m */ = {isa = PBXFileReference; fileEncoding = 4; lastKnownFileType = sourcecode.c.objc; path = PACShouldersFrontViewController.m; sourceTree = "<group>"; };
		E7134E771A0C26C200F2CEE8 /* shoulder_front_detail.png */ = {isa = PBXFileReference; lastKnownFileType = image.png; path = shoulder_front_detail.png; sourceTree = "<group>"; };
		E7134E791A0C44CE00F2CEE8 /* PACHeadFrontViewController.h */ = {isa = PBXFileReference; fileEncoding = 4; lastKnownFileType = sourcecode.c.h; path = PACHeadFrontViewController.h; sourceTree = "<group>"; };
		E7134E7A1A0C44CE00F2CEE8 /* PACHeadFrontViewController.m */ = {isa = PBXFileReference; fileEncoding = 4; lastKnownFileType = sourcecode.c.objc; path = PACHeadFrontViewController.m; sourceTree = "<group>"; };
		E7134E7C1A0C477800F2CEE8 /* head_front_detail.jpg */ = {isa = PBXFileReference; lastKnownFileType = image.jpeg; path = head_front_detail.jpg; sourceTree = "<group>"; };
		E7134E7E1A117A1D00F2CEE8 /* PACBackViewTableViewController.h */ = {isa = PBXFileReference; fileEncoding = 4; lastKnownFileType = sourcecode.c.h; path = PACBackViewTableViewController.h; sourceTree = "<group>"; };
		E7134E7F1A117A1D00F2CEE8 /* PACBackViewTableViewController.m */ = {isa = PBXFileReference; fileEncoding = 4; lastKnownFileType = sourcecode.c.objc; path = PACBackViewTableViewController.m; sourceTree = "<group>"; };
		E7134E811A1180B300F2CEE8 /* PACFeetBackViewController.h */ = {isa = PBXFileReference; fileEncoding = 4; lastKnownFileType = sourcecode.c.h; path = PACFeetBackViewController.h; sourceTree = "<group>"; };
		E7134E821A1180B300F2CEE8 /* PACFeetBackViewController.m */ = {isa = PBXFileReference; fileEncoding = 4; lastKnownFileType = sourcecode.c.objc; path = PACFeetBackViewController.m; sourceTree = "<group>"; };
		E74666711A30D41A00A7B50A /* feet_back_detail.jpg */ = {isa = PBXFileReference; lastKnownFileType = image.jpeg; path = feet_back_detail.jpg; sourceTree = "<group>"; };
		E74666731A31153C00A7B50A /* llb_ball_15.png */ = {isa = PBXFileReference; lastKnownFileType = image.png; path = llb_ball_15.png; sourceTree = "<group>"; };
		E74666751A31189500A7B50A /* g_ball_15.png */ = {isa = PBXFileReference; lastKnownFileType = image.png; path = g_ball_15.png; sourceTree = "<group>"; };
		E74666771A311B5A00A7B50A /* o_ball_15.png */ = {isa = PBXFileReference; lastKnownFileType = image.png; path = o_ball_15.png; sourceTree = "<group>"; };
		E74666791A311C8F00A7B50A /* p_ball_15.png */ = {isa = PBXFileReference; lastKnownFileType = image.png; path = p_ball_15.png; sourceTree = "<group>"; };
		E746667F1A32572F00A7B50A /* libsqlite3.dylib */ = {isa = PBXFileReference; lastKnownFileType = "compiled.mach-o.dylib"; name = libsqlite3.dylib; path = usr/lib/libsqlite3.dylib; sourceTree = SDKROOT; };
		E74666811A32574400A7B50A /* libsqlite3.0.dylib */ = {isa = PBXFileReference; lastKnownFileType = "compiled.mach-o.dylib"; name = libsqlite3.0.dylib; path = usr/lib/libsqlite3.0.dylib; sourceTree = SDKROOT; };
		E74666841A365D8100A7B50A /* PACMainMenuView.h */ = {isa = PBXFileReference; fileEncoding = 4; lastKnownFileType = sourcecode.c.h; path = PACMainMenuView.h; sourceTree = "<group>"; };
		E74666851A365D8100A7B50A /* PACMainMenuView.m */ = {isa = PBXFileReference; fileEncoding = 4; lastKnownFileType = sourcecode.c.objc; path = PACMainMenuView.m; sourceTree = "<group>"; };
		E74AAAED1A13F51C00C008CE /* PACFemursBackViewController.h */ = {isa = PBXFileReference; fileEncoding = 4; lastKnownFileType = sourcecode.c.h; path = PACFemursBackViewController.h; sourceTree = "<group>"; };
		E74AAAEE1A13F51C00C008CE /* PACFemursBackViewController.m */ = {isa = PBXFileReference; fileEncoding = 4; lastKnownFileType = sourcecode.c.objc; path = PACFemursBackViewController.m; sourceTree = "<group>"; };
		E74AAAF01A13FA1A00C008CE /* femurs_back_detail.gif */ = {isa = PBXFileReference; lastKnownFileType = image.gif; path = femurs_back_detail.gif; sourceTree = "<group>"; };
		E74AAAF41A142D7200C008CE /* main-view.jpg */ = {isa = PBXFileReference; lastKnownFileType = image.jpeg; path = "main-view.jpg"; sourceTree = "<group>"; };
		E79E0FBB1A2D223A00CABD55 /* PACPelvisBackViewController.h */ = {isa = PBXFileReference; fileEncoding = 4; lastKnownFileType = sourcecode.c.h; path = PACPelvisBackViewController.h; sourceTree = "<group>"; };
		E79E0FBC1A2D223A00CABD55 /* PACPelvisBackViewController.m */ = {isa = PBXFileReference; fileEncoding = 4; lastKnownFileType = sourcecode.c.objc; path = PACPelvisBackViewController.m; sourceTree = "<group>"; };
		E79E0FBE1A2D254400CABD55 /* pelvis_back_detail.jpg */ = {isa = PBXFileReference; lastKnownFileType = image.jpeg; path = pelvis_back_detail.jpg; sourceTree = "<group>"; };
		E79E0FC01A2D373800CABD55 /* PACScapulaeBackViewController.h */ = {isa = PBXFileReference; fileEncoding = 4; lastKnownFileType = sourcecode.c.h; path = PACScapulaeBackViewController.h; sourceTree = "<group>"; };
		E79E0FC11A2D373800CABD55 /* PACScapulaeBackViewController.m */ = {isa = PBXFileReference; fileEncoding = 4; lastKnownFileType = sourcecode.c.objc; path = PACScapulaeBackViewController.m; sourceTree = "<group>"; };
		E79E0FC31A2D39C600CABD55 /* scapulae_back_detail.jpg */ = {isa = PBXFileReference; lastKnownFileType = image.jpeg; path = scapulae_back_detail.jpg; sourceTree = "<group>"; };
		E79E0FC51A2E391E00CABD55 /* PACHumeriBackViewController.h */ = {isa = PBXFileReference; fileEncoding = 4; lastKnownFileType = sourcecode.c.h; path = PACHumeriBackViewController.h; sourceTree = "<group>"; };
		E79E0FC61A2E391E00CABD55 /* PACHumeriBackViewController.m */ = {isa = PBXFileReference; fileEncoding = 4; lastKnownFileType = sourcecode.c.objc; path = PACHumeriBackViewController.m; sourceTree = "<group>"; };
		E79E0FC81A2E3D3900CABD55 /* humeri_back_detail.jpg */ = {isa = PBXFileReference; lastKnownFileType = image.jpeg; path = humeri_back_detail.jpg; sourceTree = "<group>"; };
		E79E0FCA1A2E4A3000CABD55 /* Postural-Analysis-Guide.pdf */ = {isa = PBXFileReference; lastKnownFileType = image.pdf; path = "Postural-Analysis-Guide.pdf"; sourceTree = "<group>"; };
		E79E0FCC1A2E72EF00CABD55 /* PACSpineSequencingBackViewController.h */ = {isa = PBXFileReference; fileEncoding = 4; lastKnownFileType = sourcecode.c.h; path = PACSpineSequencingBackViewController.h; sourceTree = "<group>"; };
		E79E0FCD1A2E72EF00CABD55 /* PACSpineSequencingBackViewController.m */ = {isa = PBXFileReference; fileEncoding = 4; lastKnownFileType = sourcecode.c.objc; path = PACSpineSequencingBackViewController.m; sourceTree = "<group>"; };
		E79E0FCF1A2E748C00CABD55 /* spine_sequencing.jpg */ = {isa = PBXFileReference; lastKnownFileType = image.jpeg; path = spine_sequencing.jpg; sourceTree = "<group>"; };
		E7B0E9B819F702200011BB49 /* Pilates Postural Analysis Checklist.app */ = {isa = PBXFileReference; explicitFileType = wrapper.application; includeInIndex = 0; path = "Pilates Postural Analysis Checklist.app"; sourceTree = BUILT_PRODUCTS_DIR; };
		E7B0E9BC19F702200011BB49 /* Info.plist */ = {isa = PBXFileReference; lastKnownFileType = text.plist.xml; path = Info.plist; sourceTree = "<group>"; };
		E7B0E9BD19F702200011BB49 /* main.m */ = {isa = PBXFileReference; lastKnownFileType = sourcecode.c.objc; path = main.m; sourceTree = "<group>"; };
		E7B0E9BF19F702200011BB49 /* AppDelegate.h */ = {isa = PBXFileReference; lastKnownFileType = sourcecode.c.h; path = AppDelegate.h; sourceTree = "<group>"; };
		E7B0E9C019F702200011BB49 /* AppDelegate.m */ = {isa = PBXFileReference; lastKnownFileType = sourcecode.c.objc; path = AppDelegate.m; sourceTree = "<group>"; };
		E7B0E9C219F702200011BB49 /* MasterViewController.h */ = {isa = PBXFileReference; lastKnownFileType = sourcecode.c.h; path = MasterViewController.h; sourceTree = "<group>"; };
		E7B0E9C319F702200011BB49 /* MasterViewController.m */ = {isa = PBXFileReference; lastKnownFileType = sourcecode.c.objc; path = MasterViewController.m; sourceTree = "<group>"; };
		E7B0E9C519F702200011BB49 /* DetailViewController.h */ = {isa = PBXFileReference; lastKnownFileType = sourcecode.c.h; path = DetailViewController.h; sourceTree = "<group>"; };
		E7B0E9C619F702200011BB49 /* DetailViewController.m */ = {isa = PBXFileReference; lastKnownFileType = sourcecode.c.objc; path = DetailViewController.m; sourceTree = "<group>"; };
		E7B0E9CB19F702200011BB49 /* Images.xcassets */ = {isa = PBXFileReference; lastKnownFileType = folder.assetcatalog; path = Images.xcassets; sourceTree = "<group>"; };
		E7B0E9CE19F702200011BB49 /* Base */ = {isa = PBXFileReference; lastKnownFileType = file.xib; name = Base; path = Base.lproj/LaunchScreen.xib; sourceTree = "<group>"; };
		E7B0E9D419F702200011BB49 /* Pilates Postural Analysis ChecklistTests.xctest */ = {isa = PBXFileReference; explicitFileType = wrapper.cfbundle; includeInIndex = 0; path = "Pilates Postural Analysis ChecklistTests.xctest"; sourceTree = BUILT_PRODUCTS_DIR; };
		E7B0E9D919F702200011BB49 /* Info.plist */ = {isa = PBXFileReference; lastKnownFileType = text.plist.xml; path = Info.plist; sourceTree = "<group>"; };
		E7B0E9DA19F702200011BB49 /* Pilates_Postural_Analysis_ChecklistTests.m */ = {isa = PBXFileReference; lastKnownFileType = sourcecode.c.objc; path = Pilates_Postural_Analysis_ChecklistTests.m; sourceTree = "<group>"; };
		E7B0E9EF19F813400011BB49 /* plumbline_main.jpg */ = {isa = PBXFileReference; lastKnownFileType = image.jpeg; path = plumbline_main.jpg; sourceTree = "<group>"; };
		E7B0E9F119F813940011BB49 /* PACGlobal.m */ = {isa = PBXFileReference; fileEncoding = 4; lastKnownFileType = sourcecode.c.objc; path = PACGlobal.m; sourceTree = "<group>"; };
		E7B0E9F319F813B70011BB49 /* PACGlobal.h */ = {isa = PBXFileReference; fileEncoding = 4; lastKnownFileType = sourcecode.c.h; path = PACGlobal.h; sourceTree = "<group>"; };
		E7B0E9F419F8165E0011BB49 /* PACPlumbLineViewController.h */ = {isa = PBXFileReference; fileEncoding = 4; lastKnownFileType = sourcecode.c.h; path = PACPlumbLineViewController.h; sourceTree = "<group>"; };
		E7B0E9F519F8165E0011BB49 /* PACPlumbLineViewController.m */ = {isa = PBXFileReference; fileEncoding = 4; lastKnownFileType = sourcecode.c.objc; path = PACPlumbLineViewController.m; sourceTree = "<group>"; };
		E7B0E9F719F81EBD0011BB49 /* plumbline_detail.gif */ = {isa = PBXFileReference; lastKnownFileType = image.gif; path = plumbline_detail.gif; sourceTree = "<group>"; };
		E7C42B221A0AEFF0003FF7B9 /* head_detail.jpg */ = {isa = PBXFileReference; lastKnownFileType = image.jpeg; path = head_detail.jpg; sourceTree = "<group>"; };
		E7C42B241A0AF059003FF7B9 /* PACHeadSideViewController.h */ = {isa = PBXFileReference; fileEncoding = 4; lastKnownFileType = sourcecode.c.h; path = PACHeadSideViewController.h; sourceTree = "<group>"; };
		E7C42B251A0AF059003FF7B9 /* PACHeadSideViewController.m */ = {isa = PBXFileReference; fileEncoding = 4; lastKnownFileType = sourcecode.c.objc; path = PACHeadSideViewController.m; sourceTree = "<group>"; };
		E7C42B271A0AF81A003FF7B9 /* PACFrontViewTableViewController.h */ = {isa = PBXFileReference; fileEncoding = 4; lastKnownFileType = sourcecode.c.h; path = PACFrontViewTableViewController.h; sourceTree = "<group>"; };
		E7C42B281A0AF81A003FF7B9 /* PACFrontViewTableViewController.m */ = {isa = PBXFileReference; fileEncoding = 4; lastKnownFileType = sourcecode.c.objc; path = PACFrontViewTableViewController.m; sourceTree = "<group>"; };
		E7C42B2A1A0AFD89003FF7B9 /* PACFeetFrontViewController.h */ = {isa = PBXFileReference; fileEncoding = 4; lastKnownFileType = sourcecode.c.h; path = PACFeetFrontViewController.h; sourceTree = "<group>"; };
		E7C42B2B1A0AFD89003FF7B9 /* PACFeetFrontViewController.m */ = {isa = PBXFileReference; fileEncoding = 4; lastKnownFileType = sourcecode.c.objc; path = PACFeetFrontViewController.m; sourceTree = "<group>"; };
		E7C42B2D1A0AFEE5003FF7B9 /* feet_front_detail.jpg */ = {isa = PBXFileReference; lastKnownFileType = image.jpeg; path = feet_front_detail.jpg; sourceTree = "<group>"; };
/* End PBXFileReference section */

/* Begin PBXFrameworksBuildPhase section */
		E7B0E9B519F702200011BB49 /* Frameworks */ = {
			isa = PBXFrameworksBuildPhase;
			buildActionMask = 2147483647;
			files = (
				E74666821A32574400A7B50A /* libsqlite3.0.dylib in Frameworks */,
				E74666801A32572F00A7B50A /* libsqlite3.dylib in Frameworks */,
			);
			runOnlyForDeploymentPostprocessing = 0;
		};
		E7B0E9D119F702200011BB49 /* Frameworks */ = {
			isa = PBXFrameworksBuildPhase;
			buildActionMask = 2147483647;
			files = (
			);
			runOnlyForDeploymentPostprocessing = 0;
		};
/* End PBXFrameworksBuildPhase section */

/* Begin PBXGroup section */
		E7B0E9AF19F702200011BB49 = {
			isa = PBXGroup;
			children = (
				E74666811A32574400A7B50A /* libsqlite3.0.dylib */,
				E746667F1A32572F00A7B50A /* libsqlite3.dylib */,
				E7B0E9E419F707BD0011BB49 /* images */,
				E7B0E9BA19F702200011BB49 /* Pilates Postural Analysis Checklist */,
				E7B0E9D719F702200011BB49 /* Pilates Postural Analysis ChecklistTests */,
				E7B0E9B919F702200011BB49 /* Products */,
			);
			sourceTree = "<group>";
		};
		E7B0E9B919F702200011BB49 /* Products */ = {
			isa = PBXGroup;
			children = (
				E7B0E9B819F702200011BB49 /* Pilates Postural Analysis Checklist.app */,
				E7B0E9D419F702200011BB49 /* Pilates Postural Analysis ChecklistTests.xctest */,
			);
			name = Products;
			sourceTree = "<group>";
		};
		E7B0E9BA19F702200011BB49 /* Pilates Postural Analysis Checklist */ = {
			isa = PBXGroup;
			children = (
				E7B0E9BF19F702200011BB49 /* AppDelegate.h */,
				E7B0E9C019F702200011BB49 /* AppDelegate.m */,
				E7B0E9C519F702200011BB49 /* DetailViewController.h */,
				E7B0E9C619F702200011BB49 /* DetailViewController.m */,
				E7B0E9CB19F702200011BB49 /* Images.xcassets */,
				E7B0E9CD19F702200011BB49 /* LaunchScreen.xib */,
				E7B0E9C219F702200011BB49 /* MasterViewController.h */,
				E7B0E9C319F702200011BB49 /* MasterViewController.m */,
				E711C5AA19F9A3BF0036873E /* PACAnkleJointsViewController.h */,
				E711C5AB19F9A3BF0036873E /* PACAnkleJointsViewController.m */,
				E7134E7E1A117A1D00F2CEE8 /* PACBackViewTableViewController.h */,
				E7134E7F1A117A1D00F2CEE8 /* PACBackViewTableViewController.m */,
				E711C5D619FEFBB80036873E /* PACCervicalSpineViewController.h */,
				E711C5D719FEFBB80036873E /* PACCervicalSpineViewController.m */,
				E7134E811A1180B300F2CEE8 /* PACFeetBackViewController.h */,
				E7134E821A1180B300F2CEE8 /* PACFeetBackViewController.m */,
				E7C42B2A1A0AFD89003FF7B9 /* PACFeetFrontViewController.h */,
				E7C42B2B1A0AFD89003FF7B9 /* PACFeetFrontViewController.m */,
				E74AAAED1A13F51C00C008CE /* PACFemursBackViewController.h */,
				E74AAAEE1A13F51C00C008CE /* PACFemursBackViewController.m */,
				E7C42B271A0AF81A003FF7B9 /* PACFrontViewTableViewController.h */,
				E7C42B281A0AF81A003FF7B9 /* PACFrontViewTableViewController.m */,
				E7B0E9F319F813B70011BB49 /* PACGlobal.h */,
				E7B0E9F119F813940011BB49 /* PACGlobal.m */,
				E7134E791A0C44CE00F2CEE8 /* PACHeadFrontViewController.h */,
				E7134E7A1A0C44CE00F2CEE8 /* PACHeadFrontViewController.m */,
				E7C42B241A0AF059003FF7B9 /* PACHeadSideViewController.h */,
				E7C42B251A0AF059003FF7B9 /* PACHeadSideViewController.m */,
				E711C5B919F9BABB0036873E /* PACHipJointViewController.h */,
				E711C5BA19F9BABB0036873E /* PACHipJointViewController.m */,
				E79E0FC51A2E391E00CABD55 /* PACHumeriBackViewController.h */,
				E79E0FC61A2E391E00CABD55 /* PACHumeriBackViewController.m */,
				E7134E671A0BEA2100F2CEE8 /* PACKneeFrontViewController.h */,
				E7134E681A0BEA2100F2CEE8 /* PACKneeFrontViewController.m */,
				E711C5B519F9B5780036873E /* PACKneeSideViewController.h */,
				E711C5B619F9B5780036873E /* PACKneeSideViewController.m */,
				E711C5CA19FECDF10036873E /* PACLowerThoracicSpineViewController.h */,
				E711C5CB19FECDF10036873E /* PACLowerThoracicSpineViewController.m */,
				E711C5C519F9CD7E0036873E /* PACLumbarSpineViewController.h */,
				E711C5C619F9CD7E0036873E /* PACLumbarSpineViewController.m */,
				E79E0FBB1A2D223A00CABD55 /* PACPelvisBackViewController.h */,
				E79E0FBC1A2D223A00CABD55 /* PACPelvisBackViewController.m */,
				E7134E6A1A0BF1FE00F2CEE8 /* PACPelvisFrontViewController.h */,
				E7134E6B1A0BF1FE00F2CEE8 /* PACPelvisFrontViewController.m */,
				E711C5C019F9C7C80036873E /* PACPelvisSideViewController.h */,
				E711C5C119F9C7C80036873E /* PACPelvisSideViewController.m */,
				E7B0E9F419F8165E0011BB49 /* PACPlumbLineViewController.h */,
				E7B0E9F519F8165E0011BB49 /* PACPlumbLineViewController.m */,
				E711C5A219F979540036873E /* PACRelativeAlignmentViewController.h */,
				E711C5A319F979540036873E /* PACRelativeAlignmentViewController.m */,
				E7134E6F1A0BF8F200F2CEE8 /* PACRibCageViewController.h */,
				E7134E701A0BF8F200F2CEE8 /* PACRibCageViewController.m */,
				E79E0FC01A2D373800CABD55 /* PACScapulaeBackViewController.h */,
				E79E0FC11A2D373800CABD55 /* PACScapulaeBackViewController.m */,
				E7134E741A0C1F5500F2CEE8 /* PACShouldersFrontViewController.h */,
				E7134E751A0C1F5500F2CEE8 /* PACShouldersFrontViewController.m */,
				E711C5A719F98F390036873E /* PACSideViewTableViewController.h */,
				E711C5A819F98F390036873E /* PACSideViewTableViewController.m */,
				E79E0FCC1A2E72EF00CABD55 /* PACSpineSequencingBackViewController.h */,
				E79E0FCD1A2E72EF00CABD55 /* PACSpineSequencingBackViewController.m */,
				E711C5D119FEF6A10036873E /* PACUpperThoracicSpineViewController.h */,
				E711C5D219FEF6A10036873E /* PACUpperThoracicSpineViewController.m */,
				E7B0E9BB19F702200011BB49 /* Supporting Files */,
				E74666841A365D8100A7B50A /* PACMainMenuView.h */,
				E74666851A365D8100A7B50A /* PACMainMenuView.m */,
			);
			path = "Pilates Postural Analysis Checklist";
			sourceTree = "<group>";
		};
		E7B0E9BB19F702200011BB49 /* Supporting Files */ = {
			isa = PBXGroup;
			children = (
				E7B0E9BC19F702200011BB49 /* Info.plist */,
				E7B0E9BD19F702200011BB49 /* main.m */,
			);
			name = "Supporting Files";
			sourceTree = "<group>";
		};
		E7B0E9D719F702200011BB49 /* Pilates Postural Analysis ChecklistTests */ = {
			isa = PBXGroup;
			children = (
				E7B0E9DA19F702200011BB49 /* Pilates_Postural_Analysis_ChecklistTests.m */,
				E7B0E9D819F702200011BB49 /* Supporting Files */,
			);
			path = "Pilates Postural Analysis ChecklistTests";
			sourceTree = "<group>";
		};
		E7B0E9D819F702200011BB49 /* Supporting Files */ = {
			isa = PBXGroup;
			children = (
				E7B0E9D919F702200011BB49 /* Info.plist */,
			);
			name = "Supporting Files";
			sourceTree = "<group>";
		};
		E7B0E9E419F707BD0011BB49 /* images */ = {
			isa = PBXGroup;
			children = (
				E711C5A019F976C80036873E /* alignment_detail.jpg */,
				E711C5A519F97A2E0036873E /* alignment_main.jpg */,
				E711C5B119F9A84B0036873E /* angle_detail.jpg */,
				E711C5D419FEFA170036873E /* cervical_spine_detail.jpg */,
				E74666711A30D41A00A7B50A /* feet_back_detail.jpg */,
				E7C42B2D1A0AFEE5003FF7B9 /* feet_front_detail.jpg */,
				E74AAAF01A13FA1A00C008CE /* femurs_back_detail.gif */,
				E74666751A31189500A7B50A /* g_ball_15.png */,
				E7C42B221A0AEFF0003FF7B9 /* head_detail.jpg */,
				E7134E7C1A0C477800F2CEE8 /* head_front_detail.jpg */,
				E711C5BC19F9BE620036873E /* hipjoint_detail.png */,
				E79E0FC81A2E3D3900CABD55 /* humeri_back_detail.jpg */,
				E711C5B319F9B5460036873E /* knee_detail.png */,
				E7134E651A0BE9F900F2CEE8 /* knee_front_detail.png */,
				E74666731A31153C00A7B50A /* llb_ball_15.png */,
				E711C5AD19F9A6BA0036873E /* look.jpg */,
				E711C5CD19FECF950036873E /* lower_thoracic_detail.gif */,
				E711C5C319F9CD460036873E /* lumbarspineside_detail.jpg */,
				E74AAAF41A142D7200C008CE /* main-view.jpg */,
				E74666771A311B5A00A7B50A /* o_ball_15.png */,
				E74666791A311C8F00A7B50A /* p_ball_15.png */,
				E79E0FBE1A2D254400CABD55 /* pelvis_back_detail.jpg */,
				E7134E6D1A0BF2B400F2CEE8 /* pelvis_front_detail.gif */,
				E711C5BE19F9C7970036873E /* pelvisside_detail.gif */,
				E7B0E9F719F81EBD0011BB49 /* plumbline_detail.gif */,
				E7B0E9EF19F813400011BB49 /* plumbline_main.jpg */,
				E79E0FCA1A2E4A3000CABD55 /* Postural-Analysis-Guide.pdf */,
				E7134E721A0C026000F2CEE8 /* ribcage_front_detail.jpg */,
				E79E0FC31A2D39C600CABD55 /* scapulae_back_detail.jpg */,
				E7134E771A0C26C200F2CEE8 /* shoulder_front_detail.png */,
				E79E0FCF1A2E748C00CABD55 /* spine_sequencing.jpg */,
				E711C5AF19F9A6C30036873E /* touch.jpg */,
				E711C5CF19FEF65D0036873E /* upper_thoracic_detail.jpg */,
			);
			name = images;
			sourceTree = "<group>";
		};
/* End PBXGroup section */

/* Begin PBXNativeTarget section */
		E7B0E9B719F702200011BB49 /* Pilates Postural Analysis Checklist */ = {
			isa = PBXNativeTarget;
			buildConfigurationList = E7B0E9DE19F702200011BB49 /* Build configuration list for PBXNativeTarget "Pilates Postural Analysis Checklist" */;
			buildPhases = (
				E7B0E9B419F702200011BB49 /* Sources */,
				E7B0E9B519F702200011BB49 /* Frameworks */,
				E7B0E9B619F702200011BB49 /* Resources */,
			);
			buildRules = (
			);
			dependencies = (
			);
			name = "Pilates Postural Analysis Checklist";
			productName = "Pilates Postural Analysis Checklist";
			productReference = E7B0E9B819F702200011BB49 /* Pilates Postural Analysis Checklist.app */;
			productType = "com.apple.product-type.application";
		};
		E7B0E9D319F702200011BB49 /* Pilates Postural Analysis ChecklistTests */ = {
			isa = PBXNativeTarget;
			buildConfigurationList = E7B0E9E119F702200011BB49 /* Build configuration list for PBXNativeTarget "Pilates Postural Analysis ChecklistTests" */;
			buildPhases = (
				E7B0E9D019F702200011BB49 /* Sources */,
				E7B0E9D119F702200011BB49 /* Frameworks */,
				E7B0E9D219F702200011BB49 /* Resources */,
			);
			buildRules = (
			);
			dependencies = (
				E7B0E9D619F702200011BB49 /* PBXTargetDependency */,
			);
			name = "Pilates Postural Analysis ChecklistTests";
			productName = "Pilates Postural Analysis ChecklistTests";
			productReference = E7B0E9D419F702200011BB49 /* Pilates Postural Analysis ChecklistTests.xctest */;
			productType = "com.apple.product-type.bundle.unit-test";
		};
/* End PBXNativeTarget section */

/* Begin PBXProject section */
		E7B0E9B019F702200011BB49 /* Project object */ = {
			isa = PBXProject;
			attributes = {
				LastUpgradeCheck = 0600;
				ORGANIZATIONNAME = "Paul Hoffman";
				TargetAttributes = {
					E7B0E9B719F702200011BB49 = {
						CreatedOnToolsVersion = 6.0.1;
						DevelopmentTeam = R2KK25H5U8;
					};
					E7B0E9D319F702200011BB49 = {
						CreatedOnToolsVersion = 6.0.1;
						TestTargetID = E7B0E9B719F702200011BB49;
					};
				};
			};
			buildConfigurationList = E7B0E9B319F702200011BB49 /* Build configuration list for PBXProject "Pilates Postural Analysis Checklist" */;
			compatibilityVersion = "Xcode 3.2";
			developmentRegion = English;
			hasScannedForEncodings = 0;
			knownRegions = (
				en,
				Base,
			);
			mainGroup = E7B0E9AF19F702200011BB49;
			productRefGroup = E7B0E9B919F702200011BB49 /* Products */;
			projectDirPath = "";
			projectRoot = "";
			targets = (
				E7B0E9B719F702200011BB49 /* Pilates Postural Analysis Checklist */,
				E7B0E9D319F702200011BB49 /* Pilates Postural Analysis ChecklistTests */,
			);
		};
/* End PBXProject section */

/* Begin PBXResourcesBuildPhase section */
		E7B0E9B619F702200011BB49 /* Resources */ = {
			isa = PBXResourcesBuildPhase;
			buildActionMask = 2147483647;
			files = (
				E79E0FCB1A2E4A3000CABD55 /* Postural-Analysis-Guide.pdf in Resources */,
				E7134E7D1A0C477800F2CEE8 /* head_front_detail.jpg in Resources */,
				E79E0FC91A2E3D3900CABD55 /* humeri_back_detail.jpg in Resources */,
				E746667A1A311C8F00A7B50A /* p_ball_15.png in Resources */,
				E711C5D019FEF65D0036873E /* upper_thoracic_detail.jpg in Resources */,
				E79E0FC41A2D39C600CABD55 /* scapulae_back_detail.jpg in Resources */,
				E711C5D519FEFA170036873E /* cervical_spine_detail.jpg in Resources */,
				E7C42B231A0AEFF0003FF7B9 /* head_detail.jpg in Resources */,
				E711C5A619F97A2E0036873E /* alignment_main.jpg in Resources */,
				E711C5B419F9B5460036873E /* knee_detail.png in Resources */,
				E711C5AE19F9A6BA0036873E /* look.jpg in Resources */,
				E711C5BD19F9BE620036873E /* hipjoint_detail.png in Resources */,
				E7B0E9F019F813400011BB49 /* plumbline_main.jpg in Resources */,
				E74AAAF51A142D7200C008CE /* main-view.jpg in Resources */,
				E7134E6E1A0BF2B400F2CEE8 /* pelvis_front_detail.gif in Resources */,
				E74666781A311B5A00A7B50A /* o_ball_15.png in Resources */,
				E7C42B2E1A0AFEE5003FF7B9 /* feet_front_detail.jpg in Resources */,
				E74666761A31189500A7B50A /* g_ball_15.png in Resources */,
				E711C5B019F9A6C30036873E /* touch.jpg in Resources */,
				E711C5CE19FECF950036873E /* lower_thoracic_detail.gif in Resources */,
				E79E0FBF1A2D254400CABD55 /* pelvis_back_detail.jpg in Resources */,
				E7B0E9CF19F702200011BB49 /* LaunchScreen.xib in Resources */,
				E74AAAF11A13FA1A00C008CE /* femurs_back_detail.gif in Resources */,
				E711C5BF19F9C7970036873E /* pelvisside_detail.gif in Resources */,
				E7B0E9F819F81EBD0011BB49 /* plumbline_detail.gif in Resources */,
				E711C5B219F9A84B0036873E /* angle_detail.jpg in Resources */,
				E74666721A30D41A00A7B50A /* feet_back_detail.jpg in Resources */,
				E711C5C419F9CD460036873E /* lumbarspineside_detail.jpg in Resources */,
				E7134E661A0BE9F900F2CEE8 /* knee_front_detail.png in Resources */,
				E7134E781A0C26C200F2CEE8 /* shoulder_front_detail.png in Resources */,
				E74666741A31153C00A7B50A /* llb_ball_15.png in Resources */,
				E7134E731A0C026000F2CEE8 /* ribcage_front_detail.jpg in Resources */,
				E79E0FD01A2E748C00CABD55 /* spine_sequencing.jpg in Resources */,
				E7B0E9CC19F702200011BB49 /* Images.xcassets in Resources */,
				E711C5A119F976C80036873E /* alignment_detail.jpg in Resources */,
			);
			runOnlyForDeploymentPostprocessing = 0;
		};
		E7B0E9D219F702200011BB49 /* Resources */ = {
			isa = PBXResourcesBuildPhase;
			buildActionMask = 2147483647;
			files = (
			);
			runOnlyForDeploymentPostprocessing = 0;
		};
/* End PBXResourcesBuildPhase section */

/* Begin PBXSourcesBuildPhase section */
		E7B0E9B419F702200011BB49 /* Sources */ = {
			isa = PBXSourcesBuildPhase;
			buildActionMask = 2147483647;
			files = (
				E79E0FCE1A2E72EF00CABD55 /* PACSpineSequencingBackViewController.m in Sources */,
				E7134E6C1A0BF1FE00F2CEE8 /* PACPelvisFrontViewController.m in Sources */,
				E7C42B2C1A0AFD89003FF7B9 /* PACFeetFrontViewController.m in Sources */,
				E711C5AC19F9A3BF0036873E /* PACAnkleJointsViewController.m in Sources */,
				E74AAAEF1A13F51C00C008CE /* PACFemursBackViewController.m in Sources */,
				E711C5BB19F9BABB0036873E /* PACHipJointViewController.m in Sources */,
				E711C5B719F9B5780036873E /* PACKneeSideViewController.m in Sources */,
				E7134E711A0BF8F200F2CEE8 /* PACRibCageViewController.m in Sources */,
				E7B0E9C119F702200011BB49 /* AppDelegate.m in Sources */,
				E7B0E9C419F702200011BB49 /* MasterViewController.m in Sources */,
				E7134E831A1180B300F2CEE8 /* PACFeetBackViewController.m in Sources */,
				E7134E691A0BEA2100F2CEE8 /* PACKneeFrontViewController.m in Sources */,
				E79E0FBD1A2D223A00CABD55 /* PACPelvisBackViewController.m in Sources */,
				E7B0E9F619F8165E0011BB49 /* PACPlumbLineViewController.m in Sources */,
				E711C5A419F979540036873E /* PACRelativeAlignmentViewController.m in Sources */,
				E7C42B291A0AF81A003FF7B9 /* PACFrontViewTableViewController.m in Sources */,
				E7134E801A117A1D00F2CEE8 /* PACBackViewTableViewController.m in Sources */,
				E79E0FC21A2D373800CABD55 /* PACScapulaeBackViewController.m in Sources */,
				E711C5A919F98F390036873E /* PACSideViewTableViewController.m in Sources */,
				E7134E7B1A0C44CE00F2CEE8 /* PACHeadFrontViewController.m in Sources */,
				E711C5CC19FECDF10036873E /* PACLowerThoracicSpineViewController.m in Sources */,
				E74666861A365D8100A7B50A /* PACMainMenuView.m in Sources */,
				E7B0E9F219F813940011BB49 /* PACGlobal.m in Sources */,
				E711C5C719F9CD7E0036873E /* PACLumbarSpineViewController.m in Sources */,
				E7B0E9BE19F702200011BB49 /* main.m in Sources */,
				E711C5D819FEFBB80036873E /* PACCervicalSpineViewController.m in Sources */,
				E711C5D319FEF6A10036873E /* PACUpperThoracicSpineViewController.m in Sources */,
				E7C42B261A0AF059003FF7B9 /* PACHeadSideViewController.m in Sources */,
				E7134E761A0C1F5500F2CEE8 /* PACShouldersFrontViewController.m in Sources */,
				E7B0E9C719F702200011BB49 /* DetailViewController.m in Sources */,
				E79E0FC71A2E391E00CABD55 /* PACHumeriBackViewController.m in Sources */,
				E711C5C219F9C7C80036873E /* PACPelvisSideViewController.m in Sources */,
			);
			runOnlyForDeploymentPostprocessing = 0;
		};
		E7B0E9D019F702200011BB49 /* Sources */ = {
			isa = PBXSourcesBuildPhase;
			buildActionMask = 2147483647;
			files = (
				E7B0E9DB19F702200011BB49 /* Pilates_Postural_Analysis_ChecklistTests.m in Sources */,
			);
			runOnlyForDeploymentPostprocessing = 0;
		};
/* End PBXSourcesBuildPhase section */

/* Begin PBXTargetDependency section */
		E7B0E9D619F702200011BB49 /* PBXTargetDependency */ = {
			isa = PBXTargetDependency;
			target = E7B0E9B719F702200011BB49 /* Pilates Postural Analysis Checklist */;
			targetProxy = E7B0E9D519F702200011BB49 /* PBXContainerItemProxy */;
		};
/* End PBXTargetDependency section */

/* Begin PBXVariantGroup section */
		E7B0E9CD19F702200011BB49 /* LaunchScreen.xib */ = {
			isa = PBXVariantGroup;
			children = (
				E7B0E9CE19F702200011BB49 /* Base */,
			);
			name = LaunchScreen.xib;
			sourceTree = "<group>";
		};
/* End PBXVariantGroup section */

/* Begin XCBuildConfiguration section */
		E7B0E9DC19F702200011BB49 /* Debug */ = {
			isa = XCBuildConfiguration;
			buildSettings = {
				ALWAYS_SEARCH_USER_PATHS = NO;
				CLANG_CXX_LANGUAGE_STANDARD = "gnu++0x";
				CLANG_CXX_LIBRARY = "libc++";
				CLANG_ENABLE_MODULES = YES;
				CLANG_ENABLE_OBJC_ARC = YES;
				CLANG_WARN_BOOL_CONVERSION = YES;
				CLANG_WARN_CONSTANT_CONVERSION = YES;
				CLANG_WARN_DIRECT_OBJC_ISA_USAGE = YES_ERROR;
				CLANG_WARN_EMPTY_BODY = YES;
				CLANG_WARN_ENUM_CONVERSION = YES;
				CLANG_WARN_INT_CONVERSION = YES;
				CLANG_WARN_OBJC_ROOT_CLASS = YES_ERROR;
				CLANG_WARN_UNREACHABLE_CODE = YES;
				CLANG_WARN__DUPLICATE_METHOD_MATCH = YES;
				"CODE_SIGN_IDENTITY[sdk=iphoneos*]" = "iPhone Developer";
				COPY_PHASE_STRIP = NO;
				ENABLE_STRICT_OBJC_MSGSEND = YES;
				GCC_C_LANGUAGE_STANDARD = gnu99;
				GCC_DYNAMIC_NO_PIC = NO;
				GCC_OPTIMIZATION_LEVEL = 0;
				GCC_PREPROCESSOR_DEFINITIONS = (
					"DEBUG=1",
					"$(inherited)",
				);
				GCC_SYMBOLS_PRIVATE_EXTERN = NO;
				GCC_WARN_64_TO_32_BIT_CONVERSION = YES;
				GCC_WARN_ABOUT_RETURN_TYPE = YES_ERROR;
				GCC_WARN_UNDECLARED_SELECTOR = YES;
				GCC_WARN_UNINITIALIZED_AUTOS = YES_AGGRESSIVE;
				GCC_WARN_UNUSED_FUNCTION = YES;
				GCC_WARN_UNUSED_VARIABLE = YES;
				IPHONEOS_DEPLOYMENT_TARGET = 8.0;
				MTL_ENABLE_DEBUG_INFO = YES;
				ONLY_ACTIVE_ARCH = YES;
				SDKROOT = iphoneos;
			};
			name = Debug;
		};
		E7B0E9DD19F702200011BB49 /* Release */ = {
			isa = XCBuildConfiguration;
			buildSettings = {
				ALWAYS_SEARCH_USER_PATHS = NO;
				CLANG_CXX_LANGUAGE_STANDARD = "gnu++0x";
				CLANG_CXX_LIBRARY = "libc++";
				CLANG_ENABLE_MODULES = YES;
				CLANG_ENABLE_OBJC_ARC = YES;
				CLANG_WARN_BOOL_CONVERSION = YES;
				CLANG_WARN_CONSTANT_CONVERSION = YES;
				CLANG_WARN_DIRECT_OBJC_ISA_USAGE = YES_ERROR;
				CLANG_WARN_EMPTY_BODY = YES;
				CLANG_WARN_ENUM_CONVERSION = YES;
				CLANG_WARN_INT_CONVERSION = YES;
				CLANG_WARN_OBJC_ROOT_CLASS = YES_ERROR;
				CLANG_WARN_UNREACHABLE_CODE = YES;
				CLANG_WARN__DUPLICATE_METHOD_MATCH = YES;
				"CODE_SIGN_IDENTITY[sdk=iphoneos*]" = "iPhone Developer";
				COPY_PHASE_STRIP = YES;
				ENABLE_NS_ASSERTIONS = NO;
				ENABLE_STRICT_OBJC_MSGSEND = YES;
				GCC_C_LANGUAGE_STANDARD = gnu99;
				GCC_WARN_64_TO_32_BIT_CONVERSION = YES;
				GCC_WARN_ABOUT_RETURN_TYPE = YES_ERROR;
				GCC_WARN_UNDECLARED_SELECTOR = YES;
				GCC_WARN_UNINITIALIZED_AUTOS = YES_AGGRESSIVE;
				GCC_WARN_UNUSED_FUNCTION = YES;
				GCC_WARN_UNUSED_VARIABLE = YES;
				IPHONEOS_DEPLOYMENT_TARGET = 8.0;
				MTL_ENABLE_DEBUG_INFO = NO;
				SDKROOT = iphoneos;
				VALIDATE_PRODUCT = YES;
			};
			name = Release;
		};
		E7B0E9DF19F702200011BB49 /* Debug */ = {
			isa = XCBuildConfiguration;
			buildSettings = {
				ASSETCATALOG_COMPILER_APPICON_NAME = AppIcon;
				CODE_SIGN_IDENTITY = "iPhone Developer";
				INFOPLIST_FILE = "Pilates Postural Analysis Checklist/Info.plist";
				LD_RUNPATH_SEARCH_PATHS = "$(inherited) @executable_path/Frameworks";
				PRODUCT_NAME = "$(TARGET_NAME)";
			};
			name = Debug;
		};
		E7B0E9E019F702200011BB49 /* Release */ = {
			isa = XCBuildConfiguration;
			buildSettings = {
				ASSETCATALOG_COMPILER_APPICON_NAME = AppIcon;
				CODE_SIGN_IDENTITY = "iPhone Developer";
				INFOPLIST_FILE = "Pilates Postural Analysis Checklist/Info.plist";
				LD_RUNPATH_SEARCH_PATHS = "$(inherited) @executable_path/Frameworks";
				PRODUCT_NAME = "$(TARGET_NAME)";
			};
			name = Release;
		};
		E7B0E9E219F702200011BB49 /* Debug */ = {
			isa = XCBuildConfiguration;
			buildSettings = {
				BUNDLE_LOADER = "$(TEST_HOST)";
				FRAMEWORK_SEARCH_PATHS = (
					"$(SDKROOT)/Developer/Library/Frameworks",
					"$(inherited)",
				);
				GCC_PREPROCESSOR_DEFINITIONS = (
					"DEBUG=1",
					"$(inherited)",
				);
				INFOPLIST_FILE = "Pilates Postural Analysis ChecklistTests/Info.plist";
				LD_RUNPATH_SEARCH_PATHS = "$(inherited) @executable_path/Frameworks @loader_path/Frameworks";
				PRODUCT_NAME = "$(TARGET_NAME)";
				TEST_HOST = "$(BUILT_PRODUCTS_DIR)/Pilates Postural Analysis Checklist.app/Pilates Postural Analysis Checklist";
			};
			name = Debug;
		};
		E7B0E9E319F702200011BB49 /* Release */ = {
			isa = XCBuildConfiguration;
			buildSettings = {
				BUNDLE_LOADER = "$(TEST_HOST)";
				FRAMEWORK_SEARCH_PATHS = (
					"$(SDKROOT)/Developer/Library/Frameworks",
					"$(inherited)",
				);
				INFOPLIST_FILE = "Pilates Postural Analysis ChecklistTests/Info.plist";
				LD_RUNPATH_SEARCH_PATHS = "$(inherited) @executable_path/Frameworks @loader_path/Frameworks";
				PRODUCT_NAME = "$(TARGET_NAME)";
				TEST_HOST = "$(BUILT_PRODUCTS_DIR)/Pilates Postural Analysis Checklist.app/Pilates Postural Analysis Checklist";
			};
			name = Release;
		};
/* End XCBuildConfiguration section */

/* Begin XCConfigurationList section */
		E7B0E9B319F702200011BB49 /* Build configuration list for PBXProject "Pilates Postural Analysis Checklist" */ = {
			isa = XCConfigurationList;
			buildConfigurations = (
				E7B0E9DC19F702200011BB49 /* Debug */,
				E7B0E9DD19F702200011BB49 /* Release */,
			);
			defaultConfigurationIsVisible = 0;
			defaultConfigurationName = Release;
		};
		E7B0E9DE19F702200011BB49 /* Build configuration list for PBXNativeTarget "Pilates Postural Analysis Checklist" */ = {
			isa = XCConfigurationList;
			buildConfigurations = (
				E7B0E9DF19F702200011BB49 /* Debug */,
				E7B0E9E019F702200011BB49 /* Release */,
			);
			defaultConfigurationIsVisible = 0;
			defaultConfigurationName = Release;
		};
		E7B0E9E119F702200011BB49 /* Build configuration list for PBXNativeTarget "Pilates Postural Analysis ChecklistTests" */ = {
			isa = XCConfigurationList;
			buildConfigurations = (
				E7B0E9E219F702200011BB49 /* Debug */,
				E7B0E9E319F702200011BB49 /* Release */,
			);
			defaultConfigurationIsVisible = 0;
			defaultConfigurationName = Release;
		};
/* End XCConfigurationList section */
	};
	rootObject = E7B0E9B019F702200011BB49 /* Project object */;
}
